
Microsoft Visual Studio Solution File, Format Version 12.00
# Visual Studio 2012
Project("{FAE04EC0-301F-11D3-BF4B-00C04F79EFBC}") = "$erpent", "$erpent\$erpent.csproj", "{BE1D8AF1-2745-4368-BD5F-309075B79E3D}"
EndProject
Global
	GlobalSection(SolutionConfigurationPlatforms) = preSolution
		Debug|Any CPU = Debug|Any CPU
		Release|Any CPU = Release|Any CPU
	EndGlobalSection
	GlobalSection(ProjectConfigurationPlatforms) = postSolution
		{BE1D8AF1-2745-4368-BD5F-309075B79E3D}.Debug|Any CPU.ActiveCfg = Debug|Any CPU
		{BE1D8AF1-2745-4368-BD5F-309075B79E3D}.Debug|Any CPU.Build.0 = Debug|Any CPU
		{BE1D8AF1-2745-4368-BD5F-309075B79E3D}.Release|Any CPU.ActiveCfg = Release|Any CPU
		{BE1D8AF1-2745-4368-BD5F-309075B79E3D}.Release|Any CPU.Build.0 = Release|Any CPU
	EndGlobalSection
	GlobalSection(SolutionProperties) = preSolution
		HideSolutionNode = FALSE
	EndGlobalSection
EndGlobal
